
Microsoft Visual Studio Solution File, Format Version 12.00
# Visual Studio Version 16
VisualStudioVersion = 16.0.29025.244
MinimumVisualStudioVersion = 10.0.40219.1
Project("{FAE04EC0-301F-11D3-BF4B-00C04F79EFBC}") = "HappyTechTemplate", "HappyTechTemplate\HappyTechTemplate.csproj", "{AFD89A1B-5D47-4354-9D56-9892E4C15A75}"
EndProject
Global
	GlobalSection(SolutionConfigurationPlatforms) = preSolution
		Debug|Any CPU = Debug|Any CPU
		Release|Any CPU = Release|Any CPU
	EndGlobalSection
	GlobalSection(ProjectConfigurationPlatforms) = postSolution
		{AFD89A1B-5D47-4354-9D56-9892E4C15A75}.Debug|Any CPU.ActiveCfg = Debug|Any CPU
		{AFD89A1B-5D47-4354-9D56-9892E4C15A75}.Debug|Any CPU.Build.0 = Debug|Any CPU
		{AFD89A1B-5D47-4354-9D56-9892E4C15A75}.Release|Any CPU.ActiveCfg = Release|Any CPU
		{AFD89A1B-5D47-4354-9D56-9892E4C15A75}.Release|Any CPU.Build.0 = Release|Any CPU
	EndGlobalSection
	GlobalSection(SolutionProperties) = preSolution
		HideSolutionNode = FALSE
	EndGlobalSection
	GlobalSection(ExtensibilityGlobals) = postSolution
		SolutionGuid = {A6021F4D-B15F-40DF-8F30-213289EA8FC5}
	EndGlobalSection
EndGlobal
